// !$*UTF8*$!
{
	archiveVersion = 1;
	classes = {
	};
	objectVersion = 48;
	objects = {

/* Begin PBXBuildFile section */
		7B584CD82007486400A82D65 /* AppDelegate.swift in Sources */ = {isa = PBXBuildFile; fileRef = 7B584CD72007486400A82D65 /* AppDelegate.swift */; };
		7B584CDA2007486400A82D65 /* ViewController.swift in Sources */ = {isa = PBXBuildFile; fileRef = 7B584CD92007486400A82D65 /* ViewController.swift */; };
		7B584CDD2007486400A82D65 /* Main.storyboard in Resources */ = {isa = PBXBuildFile; fileRef = 7B584CDB2007486400A82D65 /* Main.storyboard */; };
		7B584CE02007486400A82D65 /* Flyworld.xcdatamodeld in Sources */ = {isa = PBXBuildFile; fileRef = 7B584CDE2007486400A82D65 /* Flyworld.xcdatamodeld */; };
		7B584CE22007486400A82D65 /* Assets.xcassets in Resources */ = {isa = PBXBuildFile; fileRef = 7B584CE12007486400A82D65 /* Assets.xcassets */; };
		7B584CE52007486400A82D65 /* LaunchScreen.storyboard in Resources */ = {isa = PBXBuildFile; fileRef = 7B584CE32007486400A82D65 /* LaunchScreen.storyboard */; };
/* End PBXBuildFile section */

/* Begin PBXFileReference section */
		7B584CD42007486400A82D65 /* Flyworld.app */ = {isa = PBXFileReference; explicitFileType = wrapper.application; includeInIndex = 0; path = Flyworld.app; sourceTree = BUILT_PRODUCTS_DIR; };
		7B584CD72007486400A82D65 /* AppDelegate.swift */ = {isa = PBXFileReference; lastKnownFileType = sourcecode.swift; path = AppDelegate.swift; sourceTree = "<group>"; };
		7B584CD92007486400A82D65 /* ViewController.swift */ = {isa = PBXFileReference; lastKnownFileType = sourcecode.swift; path = ViewController.swift; sourceTree = "<group>"; };
		7B584CDC2007486400A82D65 /* Base */ = {isa = PBXFileReference; lastKnownFileType = file.storyboard; name = Base; path = Base.lproj/Main.storyboard; sourceTree = "<group>"; };
		7B584CDF2007486400A82D65 /* Flyworld.xcdatamodel */ = {isa = PBXFileReference; lastKnownFileType = wrapper.xcdatamodel; path = Flyworld.xcdatamodel; sourceTree = "<group>"; };
		7B584CE12007486400A82D65 /* Assets.xcassets */ = {isa = PBXFileReference; lastKnownFileType = folder.assetcatalog; path = Assets.xcassets; sourceTree = "<group>"; };
		7B584CE42007486400A82D65 /* Base */ = {isa = PBXFileReference; lastKnownFileType = file.storyboard; name = Base; path = Base.lproj/LaunchScreen.storyboard; sourceTree = "<group>"; };
		7B584CE62007486400A82D65 /* Info.plist */ = {isa = PBXFileReference; lastKnownFileType = text.plist.xml; path = Info.plist; sourceTree = "<group>"; };
/* End PBXFileReference section */

/* Begin PBXFrameworksBuildPhase section */
		7B584CD12007486400A82D65 /* Frameworks */ = {
			isa = PBXFrameworksBuildPhase;
			buildActionMask = 2147483647;
			files = (
			);
			runOnlyForDeploymentPostprocessing = 0;
		};
/* End PBXFrameworksBuildPhase section */

/* Begin PBXGroup section */
		7B584CCB2007486400A82D65 = {
			isa = PBXGroup;
			children = (
				7B584CD62007486400A82D65 /* Flyworld */,
				7B584CD52007486400A82D65 /* Products */,
			);
			sourceTree = "<group>";
		};
		7B584CD52007486400A82D65 /* Products */ = {
			isa = PBXGroup;
			children = (
				7B584CD42007486400A82D65 /* Flyworld.app */,
			);
			name = Products;
			sourceTree = "<group>";
		};
		7B584CD62007486400A82D65 /* Flyworld */ = {
			isa = PBXGroup;
			children = (
				7B584CD72007486400A82D65 /* AppDelegate.swift */,
				7B584CD92007486400A82D65 /* ViewController.swift */,
				7B584CDB2007486400A82D65 /* Main.storyboard */,
				7B584CE12007486400A82D65 /* Assets.xcassets */,
				7B584CE32007486400A82D65 /* LaunchScreen.storyboard */,
				7B584CE62007486400A82D65 /* Info.plist */,
				7B584CDE2007486400A82D65 /* Flyworld.xcdatamodeld */,
			);
			path = Flyworld;
			sourceTree = "<group>";
		};
/* End PBXGroup section */

/* Begin PBXNativeTarget section */
		7B584CD32007486400A82D65 /* Flyworld */ = {
			isa = PBXNativeTarget;
			buildConfigurationList = 7B584CE92007486400A82D65 /* Build configuration list for PBXNativeTarget "Flyworld" */;
			buildPhases = (
				7B584CD02007486400A82D65 /* Sources */,
				7B584CD12007486400A82D65 /* Frameworks */,
				7B584CD22007486400A82D65 /* Resources */,
			);
			buildRules = (
			);
			dependencies = (
			);
			name = Flyworld;
			productName = Flyworld;
			productReference = 7B584CD42007486400A82D65 /* Flyworld.app */;
			productType = "com.apple.product-type.application";
		};
/* End PBXNativeTarget section */

/* Begin PBXProject section */
		7B584CCC2007486400A82D65 /* Project object */ = {
			isa = PBXProject;
			attributes = {
				LastSwiftUpdateCheck = 0920;
				LastUpgradeCheck = 0920;
				ORGANIZATIONNAME = "DDU kaushalkendra";
				TargetAttributes = {
					7B584CD32007486400A82D65 = {
						CreatedOnToolsVersion = 9.2;
						ProvisioningStyle = Automatic;
					};
				};
			};
			buildConfigurationList = 7B584CCF2007486400A82D65 /* Build configuration list for PBXProject "Flyworld" */;
			compatibilityVersion = "Xcode 8.0";
			developmentRegion = en;
			hasScannedForEncodings = 0;
			knownRegions = (
				en,
				Base,
			);
			mainGroup = 7B584CCB2007486400A82D65;
			productRefGroup = 7B584CD52007486400A82D65 /* Products */;
			projectDirPath = "";
			projectRoot = "";
			targets = (
				7B584CD32007486400A82D65 /* Flyworld */,
			);
		};
/* End PBXProject section */

/* Begin PBXResourcesBuildPhase section */
		7B584CD22007486400A82D65 /* Resources */ = {
			isa = PBXResourcesBuildPhase;
			buildActionMask = 2147483647;
			files = (
				7B584CE52007486400A82D65 /* LaunchScreen.storyboard in Resources */,
				7B584CE22007486400A82D65 /* Assets.xcassets in Resources */,
				7B584CDD2007486400A82D65 /* Main.storyboard in Resources */,
			);
			runOnlyForDeploymentPostprocessing = 0;
		};
/* End PBXResourcesBuildPhase section */

/* Begin PBXSourcesBuildPhase section */
		7B584CD02007486400A82D65 /* Sources */ = {
			isa = PBXSourcesBuildPhase;
			buildActionMask = 2147483647;
			files = (
				7B584CDA2007486400A82D65 /* ViewController.swift in Sources */,
				7B584CD82007486400A82D65 /* AppDelegate.swift in Sources */,
				7B584CE02007486400A82D65 /* Flyworld.xcdatamodeld in Sources */,
			);
			runOnlyForDeploymentPostprocessing = 0;
		};
/* End PBXSourcesBuildPhase section */

/* Begin PBXVariantGroup section */
		7B584CDB2007486400A82D65 /* Main.storyboard */ = {
			isa = PBXVariantGroup;
			children = (
				7B584CDC2007486400A82D65 /* Base */,
			);
			name = Main.storyboard;
			sourceTree = "<group>";
		};
		7B584CE32007486400A82D65 /* LaunchScreen.storyboard */ = {
			isa = PBXVariantGroup;
			children = (
				7B584CE42007486400A82D65 /* Base */,
			);
			name = LaunchScreen.storyboard;
			sourceTree = "<group>";
		};
/* End PBXVariantGroup section */

/* Begin XCBuildConfiguration section */
		7B584CE72007486400A82D65 /* Debug */ = {
			isa = XCBuildConfiguration;
			buildSettings = {
				ALWAYS_SEARCH_USER_PATHS = NO;
				CLANG_ANALYZER_NONNULL = YES;
				CLANG_ANALYZER_NUMBER_OBJECT_CONVERSION = YES_AGGRESSIVE;
				CLANG_CXX_LANGUAGE_STANDARD = "gnu++14";
				CLANG_CXX_LIBRARY = "libc++";
				CLANG_ENABLE_MODULES = YES;
				CLANG_ENABLE_OBJC_ARC = YES;
				CLANG_WARN_BLOCK_CAPTURE_AUTORELEASING = YES;
				CLANG_WARN_BOOL_CONVERSION = YES;
				CLANG_WARN_COMMA = YES;
				CLANG_WARN_CONSTANT_CONVERSION = YES;
				CLANG_WARN_DIRECT_OBJC_ISA_USAGE = YES_ERROR;
				CLANG_WARN_DOCUMENTATION_COMMENTS = YES;
				CLANG_WARN_EMPTY_BODY = YES;
				CLANG_WARN_ENUM_CONVERSION = YES;
				CLANG_WARN_INFINITE_RECURSION = YES;
				CLANG_WARN_INT_CONVERSION = YES;
				CLANG_WARN_NON_LITERAL_NULL_CONVERSION = YES;
				CLANG_WARN_OBJC_LITERAL_CONVERSION = YES;
				CLANG_WARN_OBJC_ROOT_CLASS = YES_ERROR;
				CLANG_WARN_RANGE_LOOP_ANALYSIS = YES;
				CLANG_WARN_STRICT_PROTOTYPES = YES;
				CLANG_WARN_SUSPICIOUS_MOVE = YES;
				CLANG_WARN_UNGUARDED_AVAILABILITY = YES_AGGRESSIVE;
				CLANG_WARN_UNREACHABLE_CODE = YES;
				CLANG_WARN__DUPLICATE_METHOD_MATCH = YES;
				CODE_SIGN_IDENTITY = "iPhone Developer";
				COPY_PHASE_STRIP = NO;
				DEBUG_INFORMATION_FORMAT = dwarf;
				ENABLE_STRICT_OBJC_MSGSEND = YES;
				ENABLE_TESTABILITY = YES;
				GCC_C_LANGUAGE_STANDARD = gnu11;
				GCC_DYNAMIC_NO_PIC = NO;
				GCC_NO_COMMON_BLOCKS = YES;
				GCC_OPTIMIZATION_LEVEL = 0;
				GCC_PREPROCESSOR_DEFINITIONS = (
					"DEBUG=1",
					"$(inherited)",
				);
				GCC_WARN_64_TO_32_BIT_CONVERSION = YES;
				GCC_WARN_ABOUT_RETURN_TYPE = YES_ERROR;
				GCC_WARN_UNDECLARED_SELECTOR = YES;
				GCC_WARN_UNINITIALIZED_AUTOS = YES_AGGRESSIVE;
				GCC_WARN_UNUSED_FUNCTION = YES;
				GCC_WARN_UNUSED_VARIABLE = YES;
				IPHONEOS_DEPLOYMENT_TARGET = 11.2;
				MTL_ENABLE_DEBUG_INFO = YES;
				ONLY_ACTIVE_ARCH = YES;
				SDKROOT = iphoneos;
				SWIFT_ACTIVE_COMPILATION_CONDITIONS = DEBUG;
				SWIFT_OPTIMIZATION_LEVEL = "-Onone";
			};
			name = Debug;
		};
		7B584CE82007486400A82D65 /* Release */ = {
			isa = XCBuildConfiguration;
			buildSettings = {
				ALWAYS_SEARCH_USER_PATHS = NO;
				CLANG_ANALYZER_NONNULL = YES;
				CLANG_ANALYZER_NUMBER_OBJECT_CONVERSION = YES_AGGRESSIVE;
				CLANG_CXX_LANGUAGE_STANDARD = "gnu++14";
				CLANG_CXX_LIBRARY = "libc++";
				CLANG_ENABLE_MODULES = YES;
				CLANG_ENABLE_OBJC_ARC = YES;
				CLANG_WARN_BLOCK_CAPTURE_AUTORELEASING = YES;
				CLANG_WARN_BOOL_CONVERSION = YES;
				CLANG_WARN_COMMA = YES;
				CLANG_WARN_CONSTANT_CONVERSION = YES;
				CLANG_WARN_DIRECT_OBJC_ISA_USAGE = YES_ERROR;
				CLANG_WARN_DOCUMENTATION_COMMENTS = YES;
				CLANG_WARN_EMPTY_BODY = YES;
				CLANG_WARN_ENUM_CONVERSION = YES;
				CLANG_WARN_INFINITE_RECURSION = YES;
				CLANG_WARN_INT_CONVERSION = YES;
				CLANG_WARN_NON_LITERAL_NULL_CONVERSION = YES;
				CLANG_WARN_OBJC_LITERAL_CONVERSION = YES;
				CLANG_WARN_OBJC_ROOT_CLASS = YES_ERROR;
				CLANG_WARN_RANGE_LOOP_ANALYSIS = YES;
				CLANG_WARN_STRICT_PROTOTYPES = YES;
				CLANG_WARN_SUSPICIOUS_MOVE = YES;
				CLANG_WARN_UNGUARDED_AVAILABILITY = YES_AGGRESSIVE;
				CLANG_WARN_UNREACHABLE_CODE = YES;
				CLANG_WARN__DUPLICATE_METHOD_MATCH = YES;
				CODE_SIGN_IDENTITY = "iPhone Developer";
				COPY_PHASE_STRIP = NO;
				DEBUG_INFORMATION_FORMAT = "dwarf-with-dsym";
				ENABLE_NS_ASSERTIONS = NO;
				ENABLE_STRICT_OBJC_MSGSEND = YES;
				GCC_C_LANGUAGE_STANDARD = gnu11;
				GCC_NO_COMMON_BLOCKS = YES;
				GCC_WARN_64_TO_32_BIT_CONVERSION = YES;
				GCC_WARN_ABOUT_RETURN_TYPE = YES_ERROR;
				GCC_WARN_UNDECLARED_SELECTOR = YES;
				GCC_WARN_UNINITIALIZED_AUTOS = YES_AGGRESSIVE;
				GCC_WARN_UNUSED_FUNCTION = YES;
				GCC_WARN_UNUSED_VARIABLE = YES;
				IPHONEOS_DEPLOYMENT_TARGET = 11.2;
				MTL_ENABLE_DEBUG_INFO = NO;
				SDKROOT = iphoneos;
				SWIFT_OPTIMIZATION_LEVEL = "-Owholemodule";
				VALIDATE_PRODUCT = YES;
			};
			name = Release;
		};
		7B584CEA2007486400A82D65 /* Debug */ = {
			isa = XCBuildConfiguration;
			buildSettings = {
				ASSETCATALOG_COMPILER_APPICON_NAME = AppIcon;
				CODE_SIGN_STYLE = Automatic;
				DEVELOPMENT_TEAM = XDJTA3VJAK;
				INFOPLIST_FILE = Flyworld/Info.plist;
				LD_RUNPATH_SEARCH_PATHS = "$(inherited) @executable_path/Frameworks";
				PRODUCT_BUNDLE_IDENTIFIER = "DDU-kaushalkendra.Flyworld";
				PRODUCT_NAME = "$(TARGET_NAME)";
				SWIFT_VERSION = 4.0;
				TARGETED_DEVICE_FAMILY = "1,2";
			};
			name = Debug;
		};
		7B584CEB2007486400A82D65 /* Release */ = {
			isa = XCBuildConfiguration;
			buildSettings = {
				ASSETCATALOG_COMPILER_APPICON_NAME = AppIcon;
				CODE_SIGN_STYLE = Automatic;
				DEVELOPMENT_TEAM = XDJTA3VJAK;
				INFOPLIST_FILE = Flyworld/Info.plist;
				LD_RUNPATH_SEARCH_PATHS = "$(inherited) @executable_path/Frameworks";
				PRODUCT_BUNDLE_IDENTIFIER = "DDU-kaushalkendra.Flyworld";
				PRODUCT_NAME = "$(TARGET_NAME)";
				SWIFT_VERSION = 4.0;
				TARGETED_DEVICE_FAMILY = "1,2";
			};
			name = Release;
		};
/* End XCBuildConfiguration section */

/* Begin XCConfigurationList section */
		7B584CCF2007486400A82D65 /* Build configuration list for PBXProject "Flyworld" */ = {
			isa = XCConfigurationList;
			buildConfigurations = (
				7B584CE72007486400A82D65 /* Debug */,
				7B584CE82007486400A82D65 /* Release */,
			);
			defaultConfigurationIsVisible = 0;
			defaultConfigurationName = Release;
		};
		7B584CE92007486400A82D65 /* Build configuration list for PBXNativeTarget "Flyworld" */ = {
			isa = XCConfigurationList;
			buildConfigurations = (
				7B584CEA2007486400A82D65 /* Debug */,
				7B584CEB2007486400A82D65 /* Release */,
			);
			defaultConfigurationIsVisible = 0;
			defaultConfigurationName = Release;
		};
/* End XCConfigurationList section */

/* Begin XCVersionGroup section */
		7B584CDE2007486400A82D65 /* Flyworld.xcdatamodeld */ = {
			isa = XCVersionGroup;
			children = (
				7B584CDF2007486400A82D65 /* Flyworld.xcdatamodel */,
			);
			currentVersion = 7B584CDF2007486400A82D65 /* Flyworld.xcdatamodel */;
			path = Flyworld.xcdatamodeld;
			sourceTree = "<group>";
			versionGroupType = wrapper.xcdatamodel;
		};
/* End XCVersionGroup section */
	};
	rootObject = 7B584CCC2007486400A82D65 /* Project object */;
}
